
Microsoft Visual Studio Solution File, Format Version 12.00
# Visual Studio Version 17
VisualStudioVersion = 17.5.002.0
MinimumVisualStudioVersion = 10.0.40219.1
Project("{9A19103F-16F7-4668-BE54-9A1E7A4F7556}") = "ExpenseXpertCRUD", "ExpenseXpertCRUD.csproj", "{9563924A-982C-49F7-B03E-83A9F0627EA8}"
EndProject
Global
	GlobalSection(SolutionConfigurationPlatforms) = preSolution
		Debug|Any CPU = Debug|Any CPU
		Release|Any CPU = Release|Any CPU
	EndGlobalSection
	GlobalSection(ProjectConfigurationPlatforms) = postSolution
		{9563924A-982C-49F7-B03E-83A9F0627EA8}.Debug|Any CPU.ActiveCfg = Debug|Any CPU
		{9563924A-982C-49F7-B03E-83A9F0627EA8}.Debug|Any CPU.Build.0 = Debug|Any CPU
		{9563924A-982C-49F7-B03E-83A9F0627EA8}.Release|Any CPU.ActiveCfg = Release|Any CPU
		{9563924A-982C-49F7-B03E-83A9F0627EA8}.Release|Any CPU.Build.0 = Release|Any CPU
	EndGlobalSection
	GlobalSection(SolutionProperties) = preSolution
		HideSolutionNode = FALSE
	EndGlobalSection
	GlobalSection(ExtensibilityGlobals) = postSolution
		SolutionGuid = {5AE3AC42-AC22-41EB-82B2-1943A7787A60}
	EndGlobalSection
EndGlobal
